// !$*UTF8*$!
{
	archiveVersion = 1;
	classes = {
	};
	objectVersion = 46;
	objects = {

/* Begin PBXBuildFile section */
		4D49375B1E64D7F600612B99 /* AppDelegate.swift in Sources */ = {isa = PBXBuildFile; fileRef = 4D49375A1E64D7F600612B99 /* AppDelegate.swift */; };
		4D49375D1E64D7F600612B99 /* ViewController.swift in Sources */ = {isa = PBXBuildFile; fileRef = 4D49375C1E64D7F600612B99 /* ViewController.swift */; };
		4D4937601E64D7F600612B99 /* Main.storyboard in Resources */ = {isa = PBXBuildFile; fileRef = 4D49375E1E64D7F600612B99 /* Main.storyboard */; };
		4D4937621E64D7F600612B99 /* Assets.xcassets in Resources */ = {isa = PBXBuildFile; fileRef = 4D4937611E64D7F600612B99 /* Assets.xcassets */; };
		4D4937651E64D7F600612B99 /* LaunchScreen.storyboard in Resources */ = {isa = PBXBuildFile; fileRef = 4D4937631E64D7F600612B99 /* LaunchScreen.storyboard */; };
		4D4937701E64D7F600612B99 /* gameofchatsTests.swift in Sources */ = {isa = PBXBuildFile; fileRef = 4D49376F1E64D7F600612B99 /* gameofchatsTests.swift */; };
		4D49377B1E64D7F600612B99 /* gameofchatsUITests.swift in Sources */ = {isa = PBXBuildFile; fileRef = 4D49377A1E64D7F600612B99 /* gameofchatsUITests.swift */; };
/* End PBXBuildFile section */

/* Begin PBXContainerItemProxy section */
		4D49376C1E64D7F600612B99 /* PBXContainerItemProxy */ = {
			isa = PBXContainerItemProxy;
			containerPortal = 4D49374F1E64D7F500612B99 /* Project object */;
			proxyType = 1;
			remoteGlobalIDString = 4D4937561E64D7F500612B99;
			remoteInfo = gameofchats;
		};
		4D4937771E64D7F600612B99 /* PBXContainerItemProxy */ = {
			isa = PBXContainerItemProxy;
			containerPortal = 4D49374F1E64D7F500612B99 /* Project object */;
			proxyType = 1;
			remoteGlobalIDString = 4D4937561E64D7F500612B99;
			remoteInfo = gameofchats;
		};
/* End PBXContainerItemProxy section */

/* Begin PBXFileReference section */
		4D4937571E64D7F600612B99 /* gameofchats.app */ = {isa = PBXFileReference; explicitFileType = wrapper.application; includeInIndex = 0; path = gameofchats.app; sourceTree = BUILT_PRODUCTS_DIR; };
		4D49375A1E64D7F600612B99 /* AppDelegate.swift */ = {isa = PBXFileReference; lastKnownFileType = sourcecode.swift; path = AppDelegate.swift; sourceTree = "<group>"; };
		4D49375C1E64D7F600612B99 /* ViewController.swift */ = {isa = PBXFileReference; lastKnownFileType = sourcecode.swift; path = ViewController.swift; sourceTree = "<group>"; };
		4D49375F1E64D7F600612B99 /* Base */ = {isa = PBXFileReference; lastKnownFileType = file.storyboard; name = Base; path = Base.lproj/Main.storyboard; sourceTree = "<group>"; };
		4D4937611E64D7F600612B99 /* Assets.xcassets */ = {isa = PBXFileReference; lastKnownFileType = folder.assetcatalog; path = Assets.xcassets; sourceTree = "<group>"; };
		4D4937641E64D7F600612B99 /* Base */ = {isa = PBXFileReference; lastKnownFileType = file.storyboard; name = Base; path = Base.lproj/LaunchScreen.storyboard; sourceTree = "<group>"; };
		4D4937661E64D7F600612B99 /* Info.plist */ = {isa = PBXFileReference; lastKnownFileType = text.plist.xml; path = Info.plist; sourceTree = "<group>"; };
		4D49376B1E64D7F600612B99 /* gameofchatsTests.xctest */ = {isa = PBXFileReference; explicitFileType = wrapper.cfbundle; includeInIndex = 0; path = gameofchatsTests.xctest; sourceTree = BUILT_PRODUCTS_DIR; };
		4D49376F1E64D7F600612B99 /* gameofchatsTests.swift */ = {isa = PBXFileReference; lastKnownFileType = sourcecode.swift; path = gameofchatsTests.swift; sourceTree = "<group>"; };
		4D4937711E64D7F600612B99 /* Info.plist */ = {isa = PBXFileReference; lastKnownFileType = text.plist.xml; path = Info.plist; sourceTree = "<group>"; };
		4D4937761E64D7F600612B99 /* gameofchatsUITests.xctest */ = {isa = PBXFileReference; explicitFileType = wrapper.cfbundle; includeInIndex = 0; path = gameofchatsUITests.xctest; sourceTree = BUILT_PRODUCTS_DIR; };
		4D49377A1E64D7F600612B99 /* gameofchatsUITests.swift */ = {isa = PBXFileReference; lastKnownFileType = sourcecode.swift; path = gameofchatsUITests.swift; sourceTree = "<group>"; };
		4D49377C1E64D7F600612B99 /* Info.plist */ = {isa = PBXFileReference; lastKnownFileType = text.plist.xml; path = Info.plist; sourceTree = "<group>"; };
/* End PBXFileReference section */

/* Begin PBXFrameworksBuildPhase section */
		4D4937541E64D7F500612B99 /* Frameworks */ = {
			isa = PBXFrameworksBuildPhase;
			buildActionMask = 2147483647;
			files = (
			);
			runOnlyForDeploymentPostprocessing = 0;
		};
		4D4937681E64D7F600612B99 /* Frameworks */ = {
			isa = PBXFrameworksBuildPhase;
			buildActionMask = 2147483647;
			files = (
			);
			runOnlyForDeploymentPostprocessing = 0;
		};
		4D4937731E64D7F600612B99 /* Frameworks */ = {
			isa = PBXFrameworksBuildPhase;
			buildActionMask = 2147483647;
			files = (
			);
			runOnlyForDeploymentPostprocessing = 0;
		};
/* End PBXFrameworksBuildPhase section */

/* Begin PBXGroup section */
		4D49374E1E64D7F500612B99 = {
			isa = PBXGroup;
			children = (
				4D4937591E64D7F600612B99 /* gameofchats */,
				4D49376E1E64D7F600612B99 /* gameofchatsTests */,
				4D4937791E64D7F600612B99 /* gameofchatsUITests */,
				4D4937581E64D7F600612B99 /* Products */,
			);
			sourceTree = "<group>";
		};
		4D4937581E64D7F600612B99 /* Products */ = {
			isa = PBXGroup;
			children = (
				4D4937571E64D7F600612B99 /* gameofchats.app */,
				4D49376B1E64D7F600612B99 /* gameofchatsTests.xctest */,
				4D4937761E64D7F600612B99 /* gameofchatsUITests.xctest */,
			);
			name = Products;
			sourceTree = "<group>";
		};
		4D4937591E64D7F600612B99 /* gameofchats */ = {
			isa = PBXGroup;
			children = (
				4D49375A1E64D7F600612B99 /* AppDelegate.swift */,
				4D49375C1E64D7F600612B99 /* ViewController.swift */,
				4D49375E1E64D7F600612B99 /* Main.storyboard */,
				4D4937611E64D7F600612B99 /* Assets.xcassets */,
				4D4937631E64D7F600612B99 /* LaunchScreen.storyboard */,
				4D4937661E64D7F600612B99 /* Info.plist */,
			);
			path = gameofchats;
			sourceTree = "<group>";
		};
		4D49376E1E64D7F600612B99 /* gameofchatsTests */ = {
			isa = PBXGroup;
			children = (
				4D49376F1E64D7F600612B99 /* gameofchatsTests.swift */,
				4D4937711E64D7F600612B99 /* Info.plist */,
			);
			path = gameofchatsTests;
			sourceTree = "<group>";
		};
		4D4937791E64D7F600612B99 /* gameofchatsUITests */ = {
			isa = PBXGroup;
			children = (
				4D49377A1E64D7F600612B99 /* gameofchatsUITests.swift */,
				4D49377C1E64D7F600612B99 /* Info.plist */,
			);
			path = gameofchatsUITests;
			sourceTree = "<group>";
		};
/* End PBXGroup section */

/* Begin PBXNativeTarget section */
		4D4937561E64D7F500612B99 /* gameofchats */ = {
			isa = PBXNativeTarget;
			buildConfigurationList = 4D49377F1E64D7F600612B99 /* Build configuration list for PBXNativeTarget "gameofchats" */;
			buildPhases = (
				4D4937531E64D7F500612B99 /* Sources */,
				4D4937541E64D7F500612B99 /* Frameworks */,
				4D4937551E64D7F500612B99 /* Resources */,
			);
			buildRules = (
			);
			dependencies = (
			);
			name = gameofchats;
			productName = gameofchats;
			productReference = 4D4937571E64D7F600612B99 /* gameofchats.app */;
			productType = "com.apple.product-type.application";
		};
		4D49376A1E64D7F600612B99 /* gameofchatsTests */ = {
			isa = PBXNativeTarget;
			buildConfigurationList = 4D4937821E64D7F600612B99 /* Build configuration list for PBXNativeTarget "gameofchatsTests" */;
			buildPhases = (
				4D4937671E64D7F600612B99 /* Sources */,
				4D4937681E64D7F600612B99 /* Frameworks */,
				4D4937691E64D7F600612B99 /* Resources */,
			);
			buildRules = (
			);
			dependencies = (
				4D49376D1E64D7F600612B99 /* PBXTargetDependency */,
			);
			name = gameofchatsTests;
			productName = gameofchatsTests;
			productReference = 4D49376B1E64D7F600612B99 /* gameofchatsTests.xctest */;
			productType = "com.apple.product-type.bundle.unit-test";
		};
		4D4937751E64D7F600612B99 /* gameofchatsUITests */ = {
			isa = PBXNativeTarget;
			buildConfigurationList = 4D4937851E64D7F600612B99 /* Build configuration list for PBXNativeTarget "gameofchatsUITests" */;
			buildPhases = (
				4D4937721E64D7F600612B99 /* Sources */,
				4D4937731E64D7F600612B99 /* Frameworks */,
				4D4937741E64D7F600612B99 /* Resources */,
			);
			buildRules = (
			);
			dependencies = (
				4D4937781E64D7F600612B99 /* PBXTargetDependency */,
			);
			name = gameofchatsUITests;
			productName = gameofchatsUITests;
			productReference = 4D4937761E64D7F600612B99 /* gameofchatsUITests.xctest */;
			productType = "com.apple.product-type.bundle.ui-testing";
		};
/* End PBXNativeTarget section */

/* Begin PBXProject section */
		4D49374F1E64D7F500612B99 /* Project object */ = {
			isa = PBXProject;
			attributes = {
				LastSwiftUpdateCheck = 0820;
				LastUpgradeCheck = 0820;
				ORGANIZATIONNAME = "Shaun Chua";
				TargetAttributes = {
					4D4937561E64D7F500612B99 = {
						CreatedOnToolsVersion = 8.2.1;
						ProvisioningStyle = Automatic;
					};
					4D49376A1E64D7F600612B99 = {
						CreatedOnToolsVersion = 8.2.1;
						ProvisioningStyle = Automatic;
						TestTargetID = 4D4937561E64D7F500612B99;
					};
					4D4937751E64D7F600612B99 = {
						CreatedOnToolsVersion = 8.2.1;
						ProvisioningStyle = Automatic;
						TestTargetID = 4D4937561E64D7F500612B99;
					};
				};
			};
			buildConfigurationList = 4D4937521E64D7F500612B99 /* Build configuration list for PBXProject "gameofchats" */;
			compatibilityVersion = "Xcode 3.2";
			developmentRegion = English;
			hasScannedForEncodings = 0;
			knownRegions = (
				en,
				Base,
			);
			mainGroup = 4D49374E1E64D7F500612B99;
			productRefGroup = 4D4937581E64D7F600612B99 /* Products */;
			projectDirPath = "";
			projectRoot = "";
			targets = (
				4D4937561E64D7F500612B99 /* gameofchats */,
				4D49376A1E64D7F600612B99 /* gameofchatsTests */,
				4D4937751E64D7F600612B99 /* gameofchatsUITests */,
			);
		};
/* End PBXProject section */

/* Begin PBXResourcesBuildPhase section */
		4D4937551E64D7F500612B99 /* Resources */ = {
			isa = PBXResourcesBuildPhase;
			buildActionMask = 2147483647;
			files = (
				4D4937651E64D7F600612B99 /* LaunchScreen.storyboard in Resources */,
				4D4937621E64D7F600612B99 /* Assets.xcassets in Resources */,
				4D4937601E64D7F600612B99 /* Main.storyboard in Resources */,
			);
			runOnlyForDeploymentPostprocessing = 0;
		};
		4D4937691E64D7F600612B99 /* Resources */ = {
			isa = PBXResourcesBuildPhase;
			buildActionMask = 2147483647;
			files = (
			);
			runOnlyForDeploymentPostprocessing = 0;
		};
		4D4937741E64D7F600612B99 /* Resources */ = {
			isa = PBXResourcesBuildPhase;
			buildActionMask = 2147483647;
			files = (
			);
			runOnlyForDeploymentPostprocessing = 0;
		};
/* End PBXResourcesBuildPhase section */

/* Begin PBXSourcesBuildPhase section */
		4D4937531E64D7F500612B99 /* Sources */ = {
			isa = PBXSourcesBuildPhase;
			buildActionMask = 2147483647;
			files = (
				4D49375D1E64D7F600612B99 /* ViewController.swift in Sources */,
				4D49375B1E64D7F600612B99 /* AppDelegate.swift in Sources */,
			);
			runOnlyForDeploymentPostprocessing = 0;
		};
		4D4937671E64D7F600612B99 /* Sources */ = {
			isa = PBXSourcesBuildPhase;
			buildActionMask = 2147483647;
			files = (
				4D4937701E64D7F600612B99 /* gameofchatsTests.swift in Sources */,
			);
			runOnlyForDeploymentPostprocessing = 0;
		};
		4D4937721E64D7F600612B99 /* Sources */ = {
			isa = PBXSourcesBuildPhase;
			buildActionMask = 2147483647;
			files = (
				4D49377B1E64D7F600612B99 /* gameofchatsUITests.swift in Sources */,
			);
			runOnlyForDeploymentPostprocessing = 0;
		};
/* End PBXSourcesBuildPhase section */

/* Begin PBXTargetDependency section */
		4D49376D1E64D7F600612B99 /* PBXTargetDependency */ = {
			isa = PBXTargetDependency;
			target = 4D4937561E64D7F500612B99 /* gameofchats */;
			targetProxy = 4D49376C1E64D7F600612B99 /* PBXContainerItemProxy */;
		};
		4D4937781E64D7F600612B99 /* PBXTargetDependency */ = {
			isa = PBXTargetDependency;
			target = 4D4937561E64D7F500612B99 /* gameofchats */;
			targetProxy = 4D4937771E64D7F600612B99 /* PBXContainerItemProxy */;
		};
/* End PBXTargetDependency section */

/* Begin PBXVariantGroup section */
		4D49375E1E64D7F600612B99 /* Main.storyboard */ = {
			isa = PBXVariantGroup;
			children = (
				4D49375F1E64D7F600612B99 /* Base */,
			);
			name = Main.storyboard;
			sourceTree = "<group>";
		};
		4D4937631E64D7F600612B99 /* LaunchScreen.storyboard */ = {
			isa = PBXVariantGroup;
			children = (
				4D4937641E64D7F600612B99 /* Base */,
			);
			name = LaunchScreen.storyboard;
			sourceTree = "<group>";
		};
/* End PBXVariantGroup section */

/* Begin XCBuildConfiguration section */
		4D49377D1E64D7F600612B99 /* Debug */ = {
			isa = XCBuildConfiguration;
			buildSettings = {
				ALWAYS_SEARCH_USER_PATHS = NO;
				CLANG_ANALYZER_NONNULL = YES;
				CLANG_CXX_LANGUAGE_STANDARD = "gnu++0x";
				CLANG_CXX_LIBRARY = "libc++";
				CLANG_ENABLE_MODULES = YES;
				CLANG_ENABLE_OBJC_ARC = YES;
				CLANG_WARN_BOOL_CONVERSION = YES;
				CLANG_WARN_CONSTANT_CONVERSION = YES;
				CLANG_WARN_DIRECT_OBJC_ISA_USAGE = YES_ERROR;
				CLANG_WARN_DOCUMENTATION_COMMENTS = YES;
				CLANG_WARN_EMPTY_BODY = YES;
				CLANG_WARN_ENUM_CONVERSION = YES;
				CLANG_WARN_INFINITE_RECURSION = YES;
				CLANG_WARN_INT_CONVERSION = YES;
				CLANG_WARN_OBJC_ROOT_CLASS = YES_ERROR;
				CLANG_WARN_SUSPICIOUS_MOVE = YES;
				CLANG_WARN_UNREACHABLE_CODE = YES;
				CLANG_WARN__DUPLICATE_METHOD_MATCH = YES;
				"CODE_SIGN_IDENTITY[sdk=iphoneos*]" = "iPhone Developer";
				COPY_PHASE_STRIP = NO;
				DEBUG_INFORMATION_FORMAT = dwarf;
				ENABLE_STRICT_OBJC_MSGSEND = YES;
				ENABLE_TESTABILITY = YES;
				GCC_C_LANGUAGE_STANDARD = gnu99;
				GCC_DYNAMIC_NO_PIC = NO;
				GCC_NO_COMMON_BLOCKS = YES;
				GCC_OPTIMIZATION_LEVEL = 0;
				GCC_PREPROCESSOR_DEFINITIONS = (
					"DEBUG=1",
					"$(inherited)",
				);
				GCC_WARN_64_TO_32_BIT_CONVERSION = YES;
				GCC_WARN_ABOUT_RETURN_TYPE = YES_ERROR;
				GCC_WARN_UNDECLARED_SELECTOR = YES;
				GCC_WARN_UNINITIALIZED_AUTOS = YES_AGGRESSIVE;
				GCC_WARN_UNUSED_FUNCTION = YES;
				GCC_WARN_UNUSED_VARIABLE = YES;
				IPHONEOS_DEPLOYMENT_TARGET = 10.2;
				MTL_ENABLE_DEBUG_INFO = YES;
				ONLY_ACTIVE_ARCH = YES;
				SDKROOT = iphoneos;
				SWIFT_ACTIVE_COMPILATION_CONDITIONS = DEBUG;
				SWIFT_OPTIMIZATION_LEVEL = "-Onone";
				TARGETED_DEVICE_FAMILY = "1,2";
			};
			name = Debug;
		};
		4D49377E1E64D7F600612B99 /* Release */ = {
			isa = XCBuildConfiguration;
			buildSettings = {
				ALWAYS_SEARCH_USER_PATHS = NO;
				CLANG_ANALYZER_NONNULL = YES;
				CLANG_CXX_LANGUAGE_STANDARD = "gnu++0x";
				CLANG_CXX_LIBRARY = "libc++";
				CLANG_ENABLE_MODULES = YES;
				CLANG_ENABLE_OBJC_ARC = YES;
				CLANG_WARN_BOOL_CONVERSION = YES;
				CLANG_WARN_CONSTANT_CONVERSION = YES;
				CLANG_WARN_DIRECT_OBJC_ISA_USAGE = YES_ERROR;
				CLANG_WARN_DOCUMENTATION_COMMENTS = YES;
				CLANG_WARN_EMPTY_BODY = YES;
				CLANG_WARN_ENUM_CONVERSION = YES;
				CLANG_WARN_INFINITE_RECURSION = YES;
				CLANG_WARN_INT_CONVERSION = YES;
				CLANG_WARN_OBJC_ROOT_CLASS = YES_ERROR;
				CLANG_WARN_SUSPICIOUS_MOVE = YES;
				CLANG_WARN_UNREACHABLE_CODE = YES;
				CLANG_WARN__DUPLICATE_METHOD_MATCH = YES;
				"CODE_SIGN_IDENTITY[sdk=iphoneos*]" = "iPhone Developer";
				COPY_PHASE_STRIP = NO;
				DEBUG_INFORMATION_FORMAT = "dwarf-with-dsym";
				ENABLE_NS_ASSERTIONS = NO;
				ENABLE_STRICT_OBJC_MSGSEND = YES;
				GCC_C_LANGUAGE_STANDARD = gnu99;
				GCC_NO_COMMON_BLOCKS = YES;
				GCC_WARN_64_TO_32_BIT_CONVERSION = YES;
				GCC_WARN_ABOUT_RETURN_TYPE = YES_ERROR;
				GCC_WARN_UNDECLARED_SELECTOR = YES;
				GCC_WARN_UNINITIALIZED_AUTOS = YES_AGGRESSIVE;
				GCC_WARN_UNUSED_FUNCTION = YES;
				GCC_WARN_UNUSED_VARIABLE = YES;
				IPHONEOS_DEPLOYMENT_TARGET = 10.2;
				MTL_ENABLE_DEBUG_INFO = NO;
				SDKROOT = iphoneos;
				SWIFT_OPTIMIZATION_LEVEL = "-Owholemodule";
				TARGETED_DEVICE_FAMILY = "1,2";
				VALIDATE_PRODUCT = YES;
			};
			name = Release;
		};
		4D4937801E64D7F600612B99 /* Debug */ = {
			isa = XCBuildConfiguration;
			buildSettings = {
				ASSETCATALOG_COMPILER_APPICON_NAME = AppIcon;
				INFOPLIST_FILE = gameofchats/Info.plist;
				LD_RUNPATH_SEARCH_PATHS = "$(inherited) @executable_path/Frameworks";
				PRODUCT_BUNDLE_IDENTIFIER = com.shaunchua.gameofchats;
				PRODUCT_NAME = "$(TARGET_NAME)";
				SWIFT_VERSION = 3.0;
			};
			name = Debug;
		};
		4D4937811E64D7F600612B99 /* Release */ = {
			isa = XCBuildConfiguration;
			buildSettings = {
				ASSETCATALOG_COMPILER_APPICON_NAME = AppIcon;
				INFOPLIST_FILE = gameofchats/Info.plist;
				LD_RUNPATH_SEARCH_PATHS = "$(inherited) @executable_path/Frameworks";
				PRODUCT_BUNDLE_IDENTIFIER = com.shaunchua.gameofchats;
				PRODUCT_NAME = "$(TARGET_NAME)";
				SWIFT_VERSION = 3.0;
			};
			name = Release;
		};
		4D4937831E64D7F600612B99 /* Debug */ = {
			isa = XCBuildConfiguration;
			buildSettings = {
				ALWAYS_EMBED_SWIFT_STANDARD_LIBRARIES = YES;
				BUNDLE_LOADER = "$(TEST_HOST)";
				INFOPLIST_FILE = gameofchatsTests/Info.plist;
				LD_RUNPATH_SEARCH_PATHS = "$(inherited) @executable_path/Frameworks @loader_path/Frameworks";
				PRODUCT_BUNDLE_IDENTIFIER = com.shaunchua.gameofchatsTests;
				PRODUCT_NAME = "$(TARGET_NAME)";
				SWIFT_VERSION = 3.0;
				TEST_HOST = "$(BUILT_PRODUCTS_DIR)/gameofchats.app/gameofchats";
			};
			name = Debug;
		};
		4D4937841E64D7F600612B99 /* Release */ = {
			isa = XCBuildConfiguration;
			buildSettings = {
				ALWAYS_EMBED_SWIFT_STANDARD_LIBRARIES = YES;
				BUNDLE_LOADER = "$(TEST_HOST)";
				INFOPLIST_FILE = gameofchatsTests/Info.plist;
				LD_RUNPATH_SEARCH_PATHS = "$(inherited) @executable_path/Frameworks @loader_path/Frameworks";
				PRODUCT_BUNDLE_IDENTIFIER = com.shaunchua.gameofchatsTests;
				PRODUCT_NAME = "$(TARGET_NAME)";
				SWIFT_VERSION = 3.0;
				TEST_HOST = "$(BUILT_PRODUCTS_DIR)/gameofchats.app/gameofchats";
			};
			name = Release;
		};
		4D4937861E64D7F600612B99 /* Debug */ = {
			isa = XCBuildConfiguration;
			buildSettings = {
				ALWAYS_EMBED_SWIFT_STANDARD_LIBRARIES = YES;
				INFOPLIST_FILE = gameofchatsUITests/Info.plist;
				LD_RUNPATH_SEARCH_PATHS = "$(inherited) @executable_path/Frameworks @loader_path/Frameworks";
				PRODUCT_BUNDLE_IDENTIFIER = com.shaunchua.gameofchatsUITests;
				PRODUCT_NAME = "$(TARGET_NAME)";
				SWIFT_VERSION = 3.0;
				TEST_TARGET_NAME = gameofchats;
			};
			name = Debug;
		};
		4D4937871E64D7F600612B99 /* Release */ = {
			isa = XCBuildConfiguration;
			buildSettings = {
				ALWAYS_EMBED_SWIFT_STANDARD_LIBRARIES = YES;
				INFOPLIST_FILE = gameofchatsUITests/Info.plist;
				LD_RUNPATH_SEARCH_PATHS = "$(inherited) @executable_path/Frameworks @loader_path/Frameworks";
				PRODUCT_BUNDLE_IDENTIFIER = com.shaunchua.gameofchatsUITests;
				PRODUCT_NAME = "$(TARGET_NAME)";
				SWIFT_VERSION = 3.0;
				TEST_TARGET_NAME = gameofchats;
			};
			name = Release;
		};
/* End XCBuildConfiguration section */

/* Begin XCConfigurationList section */
		4D4937521E64D7F500612B99 /* Build configuration list for PBXProject "gameofchats" */ = {
			isa = XCConfigurationList;
			buildConfigurations = (
				4D49377D1E64D7F600612B99 /* Debug */,
				4D49377E1E64D7F600612B99 /* Release */,
			);
			defaultConfigurationIsVisible = 0;
			defaultConfigurationName = Release;
		};
		4D49377F1E64D7F600612B99 /* Build configuration list for PBXNativeTarget "gameofchats" */ = {
			isa = XCConfigurationList;
			buildConfigurations = (
				4D4937801E64D7F600612B99 /* Debug */,
				4D4937811E64D7F600612B99 /* Release */,
			);
			defaultConfigurationIsVisible = 0;
		};
		4D4937821E64D7F600612B99 /* Build configuration list for PBXNativeTarget "gameofchatsTests" */ = {
			isa = XCConfigurationList;
			buildConfigurations = (
				4D4937831E64D7F600612B99 /* Debug */,
				4D4937841E64D7F600612B99 /* Release */,
			);
			defaultConfigurationIsVisible = 0;
		};
		4D4937851E64D7F600612B99 /* Build configuration list for PBXNativeTarget "gameofchatsUITests" */ = {
			isa = XCConfigurationList;
			buildConfigurations = (
				4D4937861E64D7F600612B99 /* Debug */,
				4D4937871E64D7F600612B99 /* Release */,
			);
			defaultConfigurationIsVisible = 0;
		};
/* End XCConfigurationList section */
	};
	rootObject = 4D49374F1E64D7F500612B99 /* Project object */;
}
